
Microsoft Visual Studio Solution File, Format Version 12.00
# Visual Studio Version 16
VisualStudioVersion = 16.0.31112.23
MinimumVisualStudioVersion = 10.0.40219.1
Project("{FAE04EC0-301F-11D3-BF4B-00C04F79EFBC}") = "client_c", "client_c\client_c.csproj", "{E71D7E47-E3B6-4387-A8C2-245866AB934F}"
EndProject
Global
	GlobalSection(SolutionConfigurationPlatforms) = preSolution
		Debug|Any CPU = Debug|Any CPU
		Release|Any CPU = Release|Any CPU
	EndGlobalSection
	GlobalSection(ProjectConfigurationPlatforms) = postSolution
		{E71D7E47-E3B6-4387-A8C2-245866AB934F}.Debug|Any CPU.ActiveCfg = Debug|Any CPU
		{E71D7E47-E3B6-4387-A8C2-245866AB934F}.Debug|Any CPU.Build.0 = Debug|Any CPU
		{E71D7E47-E3B6-4387-A8C2-245866AB934F}.Release|Any CPU.ActiveCfg = Release|Any CPU
		{E71D7E47-E3B6-4387-A8C2-245866AB934F}.Release|Any CPU.Build.0 = Release|Any CPU
	EndGlobalSection
	GlobalSection(SolutionProperties) = preSolution
		HideSolutionNode = FALSE
	EndGlobalSection
	GlobalSection(ExtensibilityGlobals) = postSolution
		SolutionGuid = {138D63C0-03AA-4A9B-97BC-6AAC79C1AC59}
	EndGlobalSection
EndGlobal
